// !$*UTF8*$!
{
	archiveVersion = 1;
	classes = {
	};
	objectVersion = 50;
	objects = {

/* Begin PBXBuildFile section */
		A437F03426CA4F3A0035400D /* UITableView + Extension.swift in Sources */ = {isa = PBXBuildFile; fileRef = A437F03326CA4F3A0035400D /* UITableView + Extension.swift */; };
		A4726BC426B9453100ABA5E9 /* AppDelegate.swift in Sources */ = {isa = PBXBuildFile; fileRef = A4726BC326B9453100ABA5E9 /* AppDelegate.swift */; };
		A4726BC626B9453100ABA5E9 /* SceneDelegate.swift in Sources */ = {isa = PBXBuildFile; fileRef = A4726BC526B9453100ABA5E9 /* SceneDelegate.swift */; };
		A4726BC826B9453100ABA5E9 /* FruitsViewController.swift in Sources */ = {isa = PBXBuildFile; fileRef = A4726BC726B9453100ABA5E9 /* FruitsViewController.swift */; };
		A4726BCB26B9453100ABA5E9 /* Fruits.storyboard in Resources */ = {isa = PBXBuildFile; fileRef = A4726BC926B9453100ABA5E9 /* Fruits.storyboard */; };
		A4726BCD26B9453400ABA5E9 /* Assets.xcassets in Resources */ = {isa = PBXBuildFile; fileRef = A4726BCC26B9453400ABA5E9 /* Assets.xcassets */; };
		A4726BD026B9453400ABA5E9 /* LaunchScreen.storyboard in Resources */ = {isa = PBXBuildFile; fileRef = A4726BCE26B9453400ABA5E9 /* LaunchScreen.storyboard */; };
		A4726BDB26B9453400ABA5E9 /* Task13Tests.swift in Sources */ = {isa = PBXBuildFile; fileRef = A4726BDA26B9453400ABA5E9 /* Task13Tests.swift */; };
		A4726BE626B9453400ABA5E9 /* Task13UITests.swift in Sources */ = {isa = PBXBuildFile; fileRef = A4726BE526B9453400ABA5E9 /* Task13UITests.swift */; };
		A4726BF726B945D400ABA5E9 /* FruitsModel.swift in Sources */ = {isa = PBXBuildFile; fileRef = A4726BF626B945D400ABA5E9 /* FruitsModel.swift */; };
		A4726C0026B945FC00ABA5E9 /* FruitsTableViewCell.swift in Sources */ = {isa = PBXBuildFile; fileRef = A4726BFE26B945FC00ABA5E9 /* FruitsTableViewCell.swift */; };
		A4726C0126B945FC00ABA5E9 /* FruitsTableViewCell.xib in Resources */ = {isa = PBXBuildFile; fileRef = A4726BFF26B945FC00ABA5E9 /* FruitsTableViewCell.xib */; };
		A47D93F226C2459700E2FE97 /* Fruit.swift in Sources */ = {isa = PBXBuildFile; fileRef = A47D93F126C2459700E2FE97 /* Fruit.swift */; };
		A4EEF71626BD30AD0058F9C3 /* checkmark.png in Resources */ = {isa = PBXBuildFile; fileRef = A4EEF71526BD30AD0058F9C3 /* checkmark.png */; };
/* End PBXBuildFile section */

/* Begin PBXContainerItemProxy section */
		A4726BD726B9453400ABA5E9 /* PBXContainerItemProxy */ = {
			isa = PBXContainerItemProxy;
			containerPortal = A4726BB826B9453100ABA5E9 /* Project object */;
			proxyType = 1;
			remoteGlobalIDString = A4726BBF26B9453100ABA5E9;
			remoteInfo = Task13;
		};
		A4726BE226B9453400ABA5E9 /* PBXContainerItemProxy */ = {
			isa = PBXContainerItemProxy;
			containerPortal = A4726BB826B9453100ABA5E9 /* Project object */;
			proxyType = 1;
			remoteGlobalIDString = A4726BBF26B9453100ABA5E9;
			remoteInfo = Task13;
		};
/* End PBXContainerItemProxy section */

/* Begin PBXFileReference section */
		A437F03326CA4F3A0035400D /* UITableView + Extension.swift */ = {isa = PBXFileReference; lastKnownFileType = sourcecode.swift; path = "UITableView + Extension.swift"; sourceTree = "<group>"; };
		A4726BC026B9453100ABA5E9 /* Task13.app */ = {isa = PBXFileReference; explicitFileType = wrapper.application; includeInIndex = 0; path = Task13.app; sourceTree = BUILT_PRODUCTS_DIR; };
		A4726BC326B9453100ABA5E9 /* AppDelegate.swift */ = {isa = PBXFileReference; lastKnownFileType = sourcecode.swift; path = AppDelegate.swift; sourceTree = "<group>"; };
		A4726BC526B9453100ABA5E9 /* SceneDelegate.swift */ = {isa = PBXFileReference; lastKnownFileType = sourcecode.swift; path = SceneDelegate.swift; sourceTree = "<group>"; };
		A4726BC726B9453100ABA5E9 /* FruitsViewController.swift */ = {isa = PBXFileReference; lastKnownFileType = sourcecode.swift; path = FruitsViewController.swift; sourceTree = "<group>"; };
		A4726BCA26B9453100ABA5E9 /* Base */ = {isa = PBXFileReference; lastKnownFileType = file.storyboard; name = Base; path = Base.lproj/Fruits.storyboard; sourceTree = "<group>"; };
		A4726BCC26B9453400ABA5E9 /* Assets.xcassets */ = {isa = PBXFileReference; lastKnownFileType = folder.assetcatalog; path = Assets.xcassets; sourceTree = "<group>"; };
		A4726BCF26B9453400ABA5E9 /* Base */ = {isa = PBXFileReference; lastKnownFileType = file.storyboard; name = Base; path = Base.lproj/LaunchScreen.storyboard; sourceTree = "<group>"; };
		A4726BD126B9453400ABA5E9 /* Info.plist */ = {isa = PBXFileReference; lastKnownFileType = text.plist.xml; path = Info.plist; sourceTree = "<group>"; };
		A4726BD626B9453400ABA5E9 /* Task13Tests.xctest */ = {isa = PBXFileReference; explicitFileType = wrapper.cfbundle; includeInIndex = 0; path = Task13Tests.xctest; sourceTree = BUILT_PRODUCTS_DIR; };
		A4726BDA26B9453400ABA5E9 /* Task13Tests.swift */ = {isa = PBXFileReference; lastKnownFileType = sourcecode.swift; path = Task13Tests.swift; sourceTree = "<group>"; };
		A4726BDC26B9453400ABA5E9 /* Info.plist */ = {isa = PBXFileReference; lastKnownFileType = text.plist.xml; path = Info.plist; sourceTree = "<group>"; };
		A4726BE126B9453400ABA5E9 /* Task13UITests.xctest */ = {isa = PBXFileReference; explicitFileType = wrapper.cfbundle; includeInIndex = 0; path = Task13UITests.xctest; sourceTree = BUILT_PRODUCTS_DIR; };
		A4726BE526B9453400ABA5E9 /* Task13UITests.swift */ = {isa = PBXFileReference; lastKnownFileType = sourcecode.swift; path = Task13UITests.swift; sourceTree = "<group>"; };
		A4726BE726B9453400ABA5E9 /* Info.plist */ = {isa = PBXFileReference; lastKnownFileType = text.plist.xml; path = Info.plist; sourceTree = "<group>"; };
		A4726BF626B945D400ABA5E9 /* FruitsModel.swift */ = {isa = PBXFileReference; lastKnownFileType = sourcecode.swift; path = FruitsModel.swift; sourceTree = "<group>"; };
		A4726BFE26B945FC00ABA5E9 /* FruitsTableViewCell.swift */ = {isa = PBXFileReference; lastKnownFileType = sourcecode.swift; path = FruitsTableViewCell.swift; sourceTree = "<group>"; };
		A4726BFF26B945FC00ABA5E9 /* FruitsTableViewCell.xib */ = {isa = PBXFileReference; lastKnownFileType = file.xib; path = FruitsTableViewCell.xib; sourceTree = "<group>"; };
		A47D93F126C2459700E2FE97 /* Fruit.swift */ = {isa = PBXFileReference; lastKnownFileType = sourcecode.swift; path = Fruit.swift; sourceTree = "<group>"; };
		A4EEF71526BD30AD0058F9C3 /* checkmark.png */ = {isa = PBXFileReference; lastKnownFileType = image.png; path = checkmark.png; sourceTree = "<group>"; };
/* End PBXFileReference section */

/* Begin PBXFrameworksBuildPhase section */
		A4726BBD26B9453100ABA5E9 /* Frameworks */ = {
			isa = PBXFrameworksBuildPhase;
			buildActionMask = 2147483647;
			files = (
			);
			runOnlyForDeploymentPostprocessing = 0;
		};
		A4726BD326B9453400ABA5E9 /* Frameworks */ = {
			isa = PBXFrameworksBuildPhase;
			buildActionMask = 2147483647;
			files = (
			);
			runOnlyForDeploymentPostprocessing = 0;
		};
		A4726BDE26B9453400ABA5E9 /* Frameworks */ = {
			isa = PBXFrameworksBuildPhase;
			buildActionMask = 2147483647;
			files = (
			);
			runOnlyForDeploymentPostprocessing = 0;
		};
/* End PBXFrameworksBuildPhase section */

/* Begin PBXGroup section */
		A4726BB726B9453100ABA5E9 = {
			isa = PBXGroup;
			children = (
				A4726BC226B9453100ABA5E9 /* Task13 */,
				A4726BD926B9453400ABA5E9 /* Task13Tests */,
				A4726BE426B9453400ABA5E9 /* Task13UITests */,
				A4726BC126B9453100ABA5E9 /* Products */,
			);
			sourceTree = "<group>";
		};
		A4726BC126B9453100ABA5E9 /* Products */ = {
			isa = PBXGroup;
			children = (
				A4726BC026B9453100ABA5E9 /* Task13.app */,
				A4726BD626B9453400ABA5E9 /* Task13Tests.xctest */,
				A4726BE126B9453400ABA5E9 /* Task13UITests.xctest */,
			);
			name = Products;
			sourceTree = "<group>";
		};
		A4726BC226B9453100ABA5E9 /* Task13 */ = {
			isa = PBXGroup;
			children = (
				A4726BC326B9453100ABA5E9 /* AppDelegate.swift */,
				A4726BC526B9453100ABA5E9 /* SceneDelegate.swift */,
				A4726C2726B9599100ABA5E9 /* Models */,
				A4726C0E26B9509F00ABA5E9 /* Extensions */,
				A4726C2B26B959AF00ABA5E9 /* ViewController */,
				A4726C2C26B959C600ABA5E9 /* Storyboard */,
				A4726C0726B94FB100ABA5E9 /* Cells */,
				A4726BCC26B9453400ABA5E9 /* Assets.xcassets */,
				A4EEF71526BD30AD0058F9C3 /* checkmark.png */,
				A4726BCE26B9453400ABA5E9 /* LaunchScreen.storyboard */,
				A4726BD126B9453400ABA5E9 /* Info.plist */,
			);
			path = Task13;
			sourceTree = "<group>";
		};
		A4726BD926B9453400ABA5E9 /* Task13Tests */ = {
			isa = PBXGroup;
			children = (
				A4726BDA26B9453400ABA5E9 /* Task13Tests.swift */,
				A4726BDC26B9453400ABA5E9 /* Info.plist */,
			);
			path = Task13Tests;
			sourceTree = "<group>";
		};
		A4726BE426B9453400ABA5E9 /* Task13UITests */ = {
			isa = PBXGroup;
			children = (
				A4726BE526B9453400ABA5E9 /* Task13UITests.swift */,
				A4726BE726B9453400ABA5E9 /* Info.plist */,
			);
			path = Task13UITests;
			sourceTree = "<group>";
		};
		A4726C0726B94FB100ABA5E9 /* Cells */ = {
			isa = PBXGroup;
			children = (
				A4726BFE26B945FC00ABA5E9 /* FruitsTableViewCell.swift */,
				A4726BFF26B945FC00ABA5E9 /* FruitsTableViewCell.xib */,
			);
			path = Cells;
			sourceTree = "<group>";
		};
		A4726C0E26B9509F00ABA5E9 /* Extensions */ = {
			isa = PBXGroup;
			children = (
				A437F03326CA4F3A0035400D /* UITableView + Extension.swift */,
			);
			path = Extensions;
			sourceTree = "<group>";
		};
		A4726C2726B9599100ABA5E9 /* Models */ = {
			isa = PBXGroup;
			children = (
				A4726BF626B945D400ABA5E9 /* FruitsModel.swift */,
				A47D93F126C2459700E2FE97 /* Fruit.swift */,
			);
			path = Models;
			sourceTree = "<group>";
		};
		A4726C2B26B959AF00ABA5E9 /* ViewController */ = {
			isa = PBXGroup;
			children = (
				A4726BC726B9453100ABA5E9 /* FruitsViewController.swift */,
			);
			path = ViewController;
			sourceTree = "<group>";
		};
		A4726C2C26B959C600ABA5E9 /* Storyboard */ = {
			isa = PBXGroup;
			children = (
				A4726BC926B9453100ABA5E9 /* Fruits.storyboard */,
			);
			path = Storyboard;
			sourceTree = "<group>";
		};
/* End PBXGroup section */

/* Begin PBXNativeTarget section */
		A4726BBF26B9453100ABA5E9 /* Task13 */ = {
			isa = PBXNativeTarget;
			buildConfigurationList = A4726BEA26B9453400ABA5E9 /* Build configuration list for PBXNativeTarget "Task13" */;
			buildPhases = (
				A4726BBC26B9453100ABA5E9 /* Sources */,
				A4726BBD26B9453100ABA5E9 /* Frameworks */,
				A4726BBE26B9453100ABA5E9 /* Resources */,
			);
			buildRules = (
			);
			dependencies = (
			);
			name = Task13;
			productName = Task13;
			productReference = A4726BC026B9453100ABA5E9 /* Task13.app */;
			productType = "com.apple.product-type.application";
		};
		A4726BD526B9453400ABA5E9 /* Task13Tests */ = {
			isa = PBXNativeTarget;
			buildConfigurationList = A4726BED26B9453400ABA5E9 /* Build configuration list for PBXNativeTarget "Task13Tests" */;
			buildPhases = (
				A4726BD226B9453400ABA5E9 /* Sources */,
				A4726BD326B9453400ABA5E9 /* Frameworks */,
				A4726BD426B9453400ABA5E9 /* Resources */,
			);
			buildRules = (
			);
			dependencies = (
				A4726BD826B9453400ABA5E9 /* PBXTargetDependency */,
			);
			name = Task13Tests;
			productName = Task13Tests;
			productReference = A4726BD626B9453400ABA5E9 /* Task13Tests.xctest */;
			productType = "com.apple.product-type.bundle.unit-test";
		};
		A4726BE026B9453400ABA5E9 /* Task13UITests */ = {
			isa = PBXNativeTarget;
			buildConfigurationList = A4726BF026B9453400ABA5E9 /* Build configuration list for PBXNativeTarget "Task13UITests" */;
			buildPhases = (
				A4726BDD26B9453400ABA5E9 /* Sources */,
				A4726BDE26B9453400ABA5E9 /* Frameworks */,
				A4726BDF26B9453400ABA5E9 /* Resources */,
			);
			buildRules = (
			);
			dependencies = (
				A4726BE326B9453400ABA5E9 /* PBXTargetDependency */,
			);
			name = Task13UITests;
			productName = Task13UITests;
			productReference = A4726BE126B9453400ABA5E9 /* Task13UITests.xctest */;
			productType = "com.apple.product-type.bundle.ui-testing";
		};
/* End PBXNativeTarget section */

/* Begin PBXProject section */
		A4726BB826B9453100ABA5E9 /* Project object */ = {
			isa = PBXProject;
			attributes = {
				LastSwiftUpdateCheck = 1240;
				LastUpgradeCheck = 1240;
				TargetAttributes = {
					A4726BBF26B9453100ABA5E9 = {
						CreatedOnToolsVersion = 12.4;
					};
					A4726BD526B9453400ABA5E9 = {
						CreatedOnToolsVersion = 12.4;
						TestTargetID = A4726BBF26B9453100ABA5E9;
					};
					A4726BE026B9453400ABA5E9 = {
						CreatedOnToolsVersion = 12.4;
						TestTargetID = A4726BBF26B9453100ABA5E9;
					};
				};
			};
			buildConfigurationList = A4726BBB26B9453100ABA5E9 /* Build configuration list for PBXProject "Task13" */;
			compatibilityVersion = "Xcode 9.3";
			developmentRegion = en;
			hasScannedForEncodings = 0;
			knownRegions = (
				en,
				Base,
			);
			mainGroup = A4726BB726B9453100ABA5E9;
			productRefGroup = A4726BC126B9453100ABA5E9 /* Products */;
			projectDirPath = "";
			projectRoot = "";
			targets = (
				A4726BBF26B9453100ABA5E9 /* Task13 */,
				A4726BD526B9453400ABA5E9 /* Task13Tests */,
				A4726BE026B9453400ABA5E9 /* Task13UITests */,
			);
		};
/* End PBXProject section */

/* Begin PBXResourcesBuildPhase section */
		A4726BBE26B9453100ABA5E9 /* Resources */ = {
			isa = PBXResourcesBuildPhase;
			buildActionMask = 2147483647;
			files = (
				A4726C0126B945FC00ABA5E9 /* FruitsTableViewCell.xib in Resources */,
				A4EEF71626BD30AD0058F9C3 /* checkmark.png in Resources */,
				A4726BD026B9453400ABA5E9 /* LaunchScreen.storyboard in Resources */,
				A4726BCD26B9453400ABA5E9 /* Assets.xcassets in Resources */,
				A4726BCB26B9453100ABA5E9 /* Fruits.storyboard in Resources */,
			);
			runOnlyForDeploymentPostprocessing = 0;
		};
		A4726BD426B9453400ABA5E9 /* Resources */ = {
			isa = PBXResourcesBuildPhase;
			buildActionMask = 2147483647;
			files = (
			);
			runOnlyForDeploymentPostprocessing = 0;
		};
		A4726BDF26B9453400ABA5E9 /* Resources */ = {
			isa = PBXResourcesBuildPhase;
			buildActionMask = 2147483647;
			files = (
			);
			runOnlyForDeploymentPostprocessing = 0;
		};
/* End PBXResourcesBuildPhase section */

/* Begin PBXSourcesBuildPhase section */
		A4726BBC26B9453100ABA5E9 /* Sources */ = {
			isa = PBXSourcesBuildPhase;
			buildActionMask = 2147483647;
			files = (
				A4726BC826B9453100ABA5E9 /* FruitsViewController.swift in Sources */,
				A437F03426CA4F3A0035400D /* UITableView + Extension.swift in Sources */,
				A47D93F226C2459700E2FE97 /* Fruit.swift in Sources */,
				A4726BC426B9453100ABA5E9 /* AppDelegate.swift in Sources */,
				A4726BF726B945D400ABA5E9 /* FruitsModel.swift in Sources */,
				A4726C0026B945FC00ABA5E9 /* FruitsTableViewCell.swift in Sources */,
				A4726BC626B9453100ABA5E9 /* SceneDelegate.swift in Sources */,
			);
			runOnlyForDeploymentPostprocessing = 0;
		};
		A4726BD226B9453400ABA5E9 /* Sources */ = {
			isa = PBXSourcesBuildPhase;
			buildActionMask = 2147483647;
			files = (
				A4726BDB26B9453400ABA5E9 /* Task13Tests.swift in Sources */,
			);
			runOnlyForDeploymentPostprocessing = 0;
		};
		A4726BDD26B9453400ABA5E9 /* Sources */ = {
			isa = PBXSourcesBuildPhase;
			buildActionMask = 2147483647;
			files = (
				A4726BE626B9453400ABA5E9 /* Task13UITests.swift in Sources */,
			);
			runOnlyForDeploymentPostprocessing = 0;
		};
/* End PBXSourcesBuildPhase section */

/* Begin PBXTargetDependency section */
		A4726BD826B9453400ABA5E9 /* PBXTargetDependency */ = {
			isa = PBXTargetDependency;
			target = A4726BBF26B9453100ABA5E9 /* Task13 */;
			targetProxy = A4726BD726B9453400ABA5E9 /* PBXContainerItemProxy */;
		};
		A4726BE326B9453400ABA5E9 /* PBXTargetDependency */ = {
			isa = PBXTargetDependency;
			target = A4726BBF26B9453100ABA5E9 /* Task13 */;
			targetProxy = A4726BE226B9453400ABA5E9 /* PBXContainerItemProxy */;
		};
/* End PBXTargetDependency section */

/* Begin PBXVariantGroup section */
		A4726BC926B9453100ABA5E9 /* Fruits.storyboard */ = {
			isa = PBXVariantGroup;
			children = (
				A4726BCA26B9453100ABA5E9 /* Base */,
			);
			name = Fruits.storyboard;
			sourceTree = "<group>";
		};
		A4726BCE26B9453400ABA5E9 /* LaunchScreen.storyboard */ = {
			isa = PBXVariantGroup;
			children = (
				A4726BCF26B9453400ABA5E9 /* Base */,
			);
			name = LaunchScreen.storyboard;
			sourceTree = "<group>";
		};
/* End PBXVariantGroup section */

/* Begin XCBuildConfiguration section */
		A4726BE826B9453400ABA5E9 /* Debug */ = {
			isa = XCBuildConfiguration;
			buildSettings = {
				ALWAYS_SEARCH_USER_PATHS = NO;
				CLANG_ANALYZER_NONNULL = YES;
				CLANG_ANALYZER_NUMBER_OBJECT_CONVERSION = YES_AGGRESSIVE;
				CLANG_CXX_LANGUAGE_STANDARD = "gnu++14";
				CLANG_CXX_LIBRARY = "libc++";
				CLANG_ENABLE_MODULES = YES;
				CLANG_ENABLE_OBJC_ARC = YES;
				CLANG_ENABLE_OBJC_WEAK = YES;
				CLANG_WARN_BLOCK_CAPTURE_AUTORELEASING = YES;
				CLANG_WARN_BOOL_CONVERSION = YES;
				CLANG_WARN_COMMA = YES;
				CLANG_WARN_CONSTANT_CONVERSION = YES;
				CLANG_WARN_DEPRECATED_OBJC_IMPLEMENTATIONS = YES;
				CLANG_WARN_DIRECT_OBJC_ISA_USAGE = YES_ERROR;
				CLANG_WARN_DOCUMENTATION_COMMENTS = YES;
				CLANG_WARN_EMPTY_BODY = YES;
				CLANG_WARN_ENUM_CONVERSION = YES;
				CLANG_WARN_INFINITE_RECURSION = YES;
				CLANG_WARN_INT_CONVERSION = YES;
				CLANG_WARN_NON_LITERAL_NULL_CONVERSION = YES;
				CLANG_WARN_OBJC_IMPLICIT_RETAIN_SELF = YES;
				CLANG_WARN_OBJC_LITERAL_CONVERSION = YES;
				CLANG_WARN_OBJC_ROOT_CLASS = YES_ERROR;
				CLANG_WARN_QUOTED_INCLUDE_IN_FRAMEWORK_HEADER = YES;
				CLANG_WARN_RANGE_LOOP_ANALYSIS = YES;
				CLANG_WARN_STRICT_PROTOTYPES = YES;
				CLANG_WARN_SUSPICIOUS_MOVE = YES;
				CLANG_WARN_UNGUARDED_AVAILABILITY = YES_AGGRESSIVE;
				CLANG_WARN_UNREACHABLE_CODE = YES;
				CLANG_WARN__DUPLICATE_METHOD_MATCH = YES;
				COPY_PHASE_STRIP = NO;
				DEBUG_INFORMATION_FORMAT = dwarf;
				ENABLE_STRICT_OBJC_MSGSEND = YES;
				ENABLE_TESTABILITY = YES;
				GCC_C_LANGUAGE_STANDARD = gnu11;
				GCC_DYNAMIC_NO_PIC = NO;
				GCC_NO_COMMON_BLOCKS = YES;
				GCC_OPTIMIZATION_LEVEL = 0;
				GCC_PREPROCESSOR_DEFINITIONS = (
					"DEBUG=1",
					"$(inherited)",
				);
				GCC_WARN_64_TO_32_BIT_CONVERSION = YES;
				GCC_WARN_ABOUT_RETURN_TYPE = YES_ERROR;
				GCC_WARN_UNDECLARED_SELECTOR = YES;
				GCC_WARN_UNINITIALIZED_AUTOS = YES_AGGRESSIVE;
				GCC_WARN_UNUSED_FUNCTION = YES;
				GCC_WARN_UNUSED_VARIABLE = YES;
				IPHONEOS_DEPLOYMENT_TARGET = 14.4;
				MTL_ENABLE_DEBUG_INFO = INCLUDE_SOURCE;
				MTL_FAST_MATH = YES;
				ONLY_ACTIVE_ARCH = YES;
				SDKROOT = iphoneos;
				SWIFT_ACTIVE_COMPILATION_CONDITIONS = DEBUG;
				SWIFT_OPTIMIZATION_LEVEL = "-Onone";
			};
			name = Debug;
		};
		A4726BE926B9453400ABA5E9 /* Release */ = {
			isa = XCBuildConfiguration;
			buildSettings = {
				ALWAYS_SEARCH_USER_PATHS = NO;
				CLANG_ANALYZER_NONNULL = YES;
				CLANG_ANALYZER_NUMBER_OBJECT_CONVERSION = YES_AGGRESSIVE;
				CLANG_CXX_LANGUAGE_STANDARD = "gnu++14";
				CLANG_CXX_LIBRARY = "libc++";
				CLANG_ENABLE_MODULES = YES;
				CLANG_ENABLE_OBJC_ARC = YES;
				CLANG_ENABLE_OBJC_WEAK = YES;
				CLANG_WARN_BLOCK_CAPTURE_AUTORELEASING = YES;
				CLANG_WARN_BOOL_CONVERSION = YES;
				CLANG_WARN_COMMA = YES;
				CLANG_WARN_CONSTANT_CONVERSION = YES;
				CLANG_WARN_DEPRECATED_OBJC_IMPLEMENTATIONS = YES;
				CLANG_WARN_DIRECT_OBJC_ISA_USAGE = YES_ERROR;
				CLANG_WARN_DOCUMENTATION_COMMENTS = YES;
				CLANG_WARN_EMPTY_BODY = YES;
				CLANG_WARN_ENUM_CONVERSION = YES;
				CLANG_WARN_INFINITE_RECURSION = YES;
				CLANG_WARN_INT_CONVERSION = YES;
				CLANG_WARN_NON_LITERAL_NULL_CONVERSION = YES;
				CLANG_WARN_OBJC_IMPLICIT_RETAIN_SELF = YES;
				CLANG_WARN_OBJC_LITERAL_CONVERSION = YES;
				CLANG_WARN_OBJC_ROOT_CLASS = YES_ERROR;
				CLANG_WARN_QUOTED_INCLUDE_IN_FRAMEWORK_HEADER = YES;
				CLANG_WARN_RANGE_LOOP_ANALYSIS = YES;
				CLANG_WARN_STRICT_PROTOTYPES = YES;
				CLANG_WARN_SUSPICIOUS_MOVE = YES;
				CLANG_WARN_UNGUARDED_AVAILABILITY = YES_AGGRESSIVE;
				CLANG_WARN_UNREACHABLE_CODE = YES;
				CLANG_WARN__DUPLICATE_METHOD_MATCH = YES;
				COPY_PHASE_STRIP = NO;
				DEBUG_INFORMATION_FORMAT = "dwarf-with-dsym";
				ENABLE_NS_ASSERTIONS = NO;
				ENABLE_STRICT_OBJC_MSGSEND = YES;
				GCC_C_LANGUAGE_STANDARD = gnu11;
				GCC_NO_COMMON_BLOCKS = YES;
				GCC_WARN_64_TO_32_BIT_CONVERSION = YES;
				GCC_WARN_ABOUT_RETURN_TYPE = YES_ERROR;
				GCC_WARN_UNDECLARED_SELECTOR = YES;
				GCC_WARN_UNINITIALIZED_AUTOS = YES_AGGRESSIVE;
				GCC_WARN_UNUSED_FUNCTION = YES;
				GCC_WARN_UNUSED_VARIABLE = YES;
				IPHONEOS_DEPLOYMENT_TARGET = 14.4;
				MTL_ENABLE_DEBUG_INFO = NO;
				MTL_FAST_MATH = YES;
				SDKROOT = iphoneos;
				SWIFT_COMPILATION_MODE = wholemodule;
				SWIFT_OPTIMIZATION_LEVEL = "-O";
				VALIDATE_PRODUCT = YES;
			};
			name = Release;
		};
		A4726BEB26B9453400ABA5E9 /* Debug */ = {
			isa = XCBuildConfiguration;
			buildSettings = {
				ASSETCATALOG_COMPILER_APPICON_NAME = AppIcon;
				ASSETCATALOG_COMPILER_GLOBAL_ACCENT_COLOR_NAME = AccentColor;
				CODE_SIGN_STYLE = Automatic;
				DEVELOPMENT_TEAM = 8HSC6WJMH6;
				INFOPLIST_FILE = Task13/Info.plist;
				LD_RUNPATH_SEARCH_PATHS = (
					"$(inherited)",
					"@executable_path/Frameworks",
				);
				PRODUCT_BUNDLE_IDENTIFIER = jp.techacademy.kazuma.miura2.Task13;
				PRODUCT_NAME = "$(TARGET_NAME)";
				SWIFT_VERSION = 5.0;
				TARGETED_DEVICE_FAMILY = "1,2";
			};
			name = Debug;
		};
		A4726BEC26B9453400ABA5E9 /* Release */ = {
			isa = XCBuildConfiguration;
			buildSettings = {
				ASSETCATALOG_COMPILER_APPICON_NAME = AppIcon;
				ASSETCATALOG_COMPILER_GLOBAL_ACCENT_COLOR_NAME = AccentColor;
				CODE_SIGN_STYLE = Automatic;
				DEVELOPMENT_TEAM = 8HSC6WJMH6;
				INFOPLIST_FILE = Task13/Info.plist;
				LD_RUNPATH_SEARCH_PATHS = (
					"$(inherited)",
					"@executable_path/Frameworks",
				);
				PRODUCT_BUNDLE_IDENTIFIER = jp.techacademy.kazuma.miura2.Task13;
				PRODUCT_NAME = "$(TARGET_NAME)";
				SWIFT_VERSION = 5.0;
				TARGETED_DEVICE_FAMILY = "1,2";
			};
			name = Release;
		};
		A4726BEE26B9453400ABA5E9 /* Debug */ = {
			isa = XCBuildConfiguration;
			buildSettings = {
				ALWAYS_EMBED_SWIFT_STANDARD_LIBRARIES = YES;
				BUNDLE_LOADER = "$(TEST_HOST)";
				CODE_SIGN_STYLE = Automatic;
				DEVELOPMENT_TEAM = 8HSC6WJMH6;
				INFOPLIST_FILE = Task13Tests/Info.plist;
				IPHONEOS_DEPLOYMENT_TARGET = 14.4;
				LD_RUNPATH_SEARCH_PATHS = (
					"$(inherited)",
					"@executable_path/Frameworks",
					"@loader_path/Frameworks",
				);
				PRODUCT_BUNDLE_IDENTIFIER = jp.techacademy.kazuma.miura2.Task13Tests;
				PRODUCT_NAME = "$(TARGET_NAME)";
				SWIFT_VERSION = 5.0;
				TARGETED_DEVICE_FAMILY = "1,2";
				TEST_HOST = "$(BUILT_PRODUCTS_DIR)/Task13.app/Task13";
			};
			name = Debug;
		};
		A4726BEF26B9453400ABA5E9 /* Release */ = {
			isa = XCBuildConfiguration;
			buildSettings = {
				ALWAYS_EMBED_SWIFT_STANDARD_LIBRARIES = YES;
				BUNDLE_LOADER = "$(TEST_HOST)";
				CODE_SIGN_STYLE = Automatic;
				DEVELOPMENT_TEAM = 8HSC6WJMH6;
				INFOPLIST_FILE = Task13Tests/Info.plist;
				IPHONEOS_DEPLOYMENT_TARGET = 14.4;
				LD_RUNPATH_SEARCH_PATHS = (
					"$(inherited)",
					"@executable_path/Frameworks",
					"@loader_path/Frameworks",
				);
				PRODUCT_BUNDLE_IDENTIFIER = jp.techacademy.kazuma.miura2.Task13Tests;
				PRODUCT_NAME = "$(TARGET_NAME)";
				SWIFT_VERSION = 5.0;
				TARGETED_DEVICE_FAMILY = "1,2";
				TEST_HOST = "$(BUILT_PRODUCTS_DIR)/Task13.app/Task13";
			};
			name = Release;
		};
		A4726BF126B9453400ABA5E9 /* Debug */ = {
			isa = XCBuildConfiguration;
			buildSettings = {
				ALWAYS_EMBED_SWIFT_STANDARD_LIBRARIES = YES;
				CODE_SIGN_STYLE = Automatic;
				DEVELOPMENT_TEAM = 8HSC6WJMH6;
				INFOPLIST_FILE = Task13UITests/Info.plist;
				LD_RUNPATH_SEARCH_PATHS = (
					"$(inherited)",
					"@executable_path/Frameworks",
					"@loader_path/Frameworks",
				);
				PRODUCT_BUNDLE_IDENTIFIER = jp.techacademy.kazuma.miura2.Task13UITests;
				PRODUCT_NAME = "$(TARGET_NAME)";
				SWIFT_VERSION = 5.0;
				TARGETED_DEVICE_FAMILY = "1,2";
				TEST_TARGET_NAME = Task13;
			};
			name = Debug;
		};
		A4726BF226B9453400ABA5E9 /* Release */ = {
			isa = XCBuildConfiguration;
			buildSettings = {
				ALWAYS_EMBED_SWIFT_STANDARD_LIBRARIES = YES;
				CODE_SIGN_STYLE = Automatic;
				DEVELOPMENT_TEAM = 8HSC6WJMH6;
				INFOPLIST_FILE = Task13UITests/Info.plist;
				LD_RUNPATH_SEARCH_PATHS = (
					"$(inherited)",
					"@executable_path/Frameworks",
					"@loader_path/Frameworks",
				);
				PRODUCT_BUNDLE_IDENTIFIER = jp.techacademy.kazuma.miura2.Task13UITests;
				PRODUCT_NAME = "$(TARGET_NAME)";
				SWIFT_VERSION = 5.0;
				TARGETED_DEVICE_FAMILY = "1,2";
				TEST_TARGET_NAME = Task13;
			};
			name = Release;
		};
/* End XCBuildConfiguration section */

/* Begin XCConfigurationList section */
		A4726BBB26B9453100ABA5E9 /* Build configuration list for PBXProject "Task13" */ = {
			isa = XCConfigurationList;
			buildConfigurations = (
				A4726BE826B9453400ABA5E9 /* Debug */,
				A4726BE926B9453400ABA5E9 /* Release */,
			);
			defaultConfigurationIsVisible = 0;
			defaultConfigurationName = Release;
		};
		A4726BEA26B9453400ABA5E9 /* Build configuration list for PBXNativeTarget "Task13" */ = {
			isa = XCConfigurationList;
			buildConfigurations = (
				A4726BEB26B9453400ABA5E9 /* Debug */,
				A4726BEC26B9453400ABA5E9 /* Release */,
			);
			defaultConfigurationIsVisible = 0;
			defaultConfigurationName = Release;
		};
		A4726BED26B9453400ABA5E9 /* Build configuration list for PBXNativeTarget "Task13Tests" */ = {
			isa = XCConfigurationList;
			buildConfigurations = (
				A4726BEE26B9453400ABA5E9 /* Debug */,
				A4726BEF26B9453400ABA5E9 /* Release */,
			);
			defaultConfigurationIsVisible = 0;
			defaultConfigurationName = Release;
		};
		A4726BF026B9453400ABA5E9 /* Build configuration list for PBXNativeTarget "Task13UITests" */ = {
			isa = XCConfigurationList;
			buildConfigurations = (
				A4726BF126B9453400ABA5E9 /* Debug */,
				A4726BF226B9453400ABA5E9 /* Release */,
			);
			defaultConfigurationIsVisible = 0;
			defaultConfigurationName = Release;
		};
/* End XCConfigurationList section */
	};
	rootObject = A4726BB826B9453100ABA5E9 /* Project object */;
}
